// !$*UTF8*$!
{
	archiveVersion = 1;
	classes = {
	};
	objectVersion = 46;
	objects = {

/* Begin PBXBuildFile section */
		74CC34E42E0A4A91BF6C604C /* libPods.a in Frameworks */ = {isa = PBXBuildFile; fileRef = D41116F6FC8F4542BD5F61B1 /* libPods.a */; };
		B70458341923DB2100CF6961 /* CustomTransitionViewController.m in Sources */ = {isa = PBXBuildFile; fileRef = B70458331923DB2100CF6961 /* CustomTransitionViewController.m */; };
		B70458381923DE2500CF6961 /* PresentingAnimator.m in Sources */ = {isa = PBXBuildFile; fileRef = B70458371923DE2500CF6961 /* PresentingAnimator.m */; };
		B7388F0C192E9F13000E6941 /* DecayViewController.m in Sources */ = {isa = PBXBuildFile; fileRef = B7388F0B192E9F13000E6941 /* DecayViewController.m */; };
		B7711667192AA5870078DFD7 /* ConstraintsViewController.m in Sources */ = {isa = PBXBuildFile; fileRef = B7711666192AA5870078DFD7 /* ConstraintsViewController.m */; };
		B7805EE1192902A900CF997E /* PasswordViewController.m in Sources */ = {isa = PBXBuildFile; fileRef = B7805EE0192902A900CF997E /* PasswordViewController.m */; };
		B7805EE51929141100CF997E /* PasswordStrengthIndicatorView.m in Sources */ = {isa = PBXBuildFile; fileRef = B7805EE41929141100CF997E /* PasswordStrengthIndicatorView.m */; };
		B785AD1519196A2D00621820 /* Foundation.framework in Frameworks */ = {isa = PBXBuildFile; fileRef = B785AD1419196A2D00621820 /* Foundation.framework */; };
		B785AD1719196A2D00621820 /* CoreGraphics.framework in Frameworks */ = {isa = PBXBuildFile; fileRef = B785AD1619196A2D00621820 /* CoreGraphics.framework */; };
		B785AD1919196A2D00621820 /* UIKit.framework in Frameworks */ = {isa = PBXBuildFile; fileRef = B785AD1819196A2D00621820 /* UIKit.framework */; };
		B785AD1F19196A2D00621820 /* InfoPlist.strings in Resources */ = {isa = PBXBuildFile; fileRef = B785AD1D19196A2D00621820 /* InfoPlist.strings */; };
		B785AD2119196A2D00621820 /* main.m in Sources */ = {isa = PBXBuildFile; fileRef = B785AD2019196A2D00621820 /* main.m */; };
		B785AD2519196A2D00621820 /* AppDelegate.m in Sources */ = {isa = PBXBuildFile; fileRef = B785AD2419196A2D00621820 /* AppDelegate.m */; };
		B785AD2719196A2D00621820 /* Images.xcassets in Resources */ = {isa = PBXBuildFile; fileRef = B785AD2619196A2D00621820 /* Images.xcassets */; };
		B785AD2E19196A2D00621820 /* XCTest.framework in Frameworks */ = {isa = PBXBuildFile; fileRef = B785AD2D19196A2D00621820 /* XCTest.framework */; };
		B785AD2F19196A2D00621820 /* Foundation.framework in Frameworks */ = {isa = PBXBuildFile; fileRef = B785AD1419196A2D00621820 /* Foundation.framework */; };
		B785AD3019196A2D00621820 /* UIKit.framework in Frameworks */ = {isa = PBXBuildFile; fileRef = B785AD1819196A2D00621820 /* UIKit.framework */; };
		B785AD3819196A2D00621820 /* InfoPlist.strings in Resources */ = {isa = PBXBuildFile; fileRef = B785AD3619196A2D00621820 /* InfoPlist.strings */; };
		B785AD3A19196A2D00621820 /* PoppingTests.m in Sources */ = {isa = PBXBuildFile; fileRef = B785AD3919196A2D00621820 /* PoppingTests.m */; };
		B78E3DEB1926A1450020B9D4 /* ModalViewController.m in Sources */ = {isa = PBXBuildFile; fileRef = B78E3DEA1926A1450020B9D4 /* ModalViewController.m */; };
		B78E3DF01926A57D0020B9D4 /* DismissingAnimator.m in Sources */ = {isa = PBXBuildFile; fileRef = B78E3DEF1926A57D0020B9D4 /* DismissingAnimator.m */; };
		B79B5C1F192D349B00A82EEB /* CircleViewController.m in Sources */ = {isa = PBXBuildFile; fileRef = B79B5C1E192D349B00A82EEB /* CircleViewController.m */; };
		B79B5C23192D37DB00A82EEB /* CircleView.m in Sources */ = {isa = PBXBuildFile; fileRef = B79B5C22192D37DB00A82EEB /* CircleView.m */; };
		B7ECD74A19211489007F9116 /* PaperButtonViewController.m in Sources */ = {isa = PBXBuildFile; fileRef = B7ECD74919211489007F9116 /* PaperButtonViewController.m */; };
		B7ECD74F192115EF007F9116 /* PaperButton.m in Sources */ = {isa = PBXBuildFile; fileRef = B7ECD74E192115EF007F9116 /* PaperButton.m */; };
		B7ECD754192120D4007F9116 /* FlatButton.m in Sources */ = {isa = PBXBuildFile; fileRef = B7ECD753192120D4007F9116 /* FlatButton.m */; };
		B7F8B05B193232820036193C /* UIColor+CustomColors.m in Sources */ = {isa = PBXBuildFile; fileRef = B7F8B05A193232820036193C /* UIColor+CustomColors.m */; };
		B7FF9668191EBADD00087016 /* AnimationsListViewController.m in Sources */ = {isa = PBXBuildFile; fileRef = B7FF9667191EBADD00087016 /* AnimationsListViewController.m */; };
		B7FF966C191EBF6900087016 /* ButtonViewController.m in Sources */ = {isa = PBXBuildFile; fileRef = B7FF966B191EBF6900087016 /* ButtonViewController.m */; };
		B7FF9674191FAF1900087016 /* PanViewController.m in Sources */ = {isa = PBXBuildFile; fileRef = B7FF9673191FAF1900087016 /* PanViewController.m */; };
/* End PBXBuildFile section */

/* Begin PBXContainerItemProxy section */
		B785AD3119196A2D00621820 /* PBXContainerItemProxy */ = {
			isa = PBXContainerItemProxy;
			containerPortal = B785AD0919196A2D00621820 /* Project object */;
			proxyType = 1;
			remoteGlobalIDString = B785AD1019196A2D00621820;
			remoteInfo = Popping;
		};
/* End PBXContainerItemProxy section */

/* Begin PBXFileReference section */
		B70458321923DB2100CF6961 /* CustomTransitionViewController.h */ = {isa = PBXFileReference; fileEncoding = 4; lastKnownFileType = sourcecode.c.h; path = CustomTransitionViewController.h; sourceTree = "<group>"; };
		B70458331923DB2100CF6961 /* CustomTransitionViewController.m */ = {isa = PBXFileReference; fileEncoding = 4; lastKnownFileType = sourcecode.c.objc; path = CustomTransitionViewController.m; sourceTree = "<group>"; };
		B70458361923DE2500CF6961 /* PresentingAnimator.h */ = {isa = PBXFileReference; fileEncoding = 4; lastKnownFileType = sourcecode.c.h; path = PresentingAnimator.h; sourceTree = "<group>"; };
		B70458371923DE2500CF6961 /* PresentingAnimator.m */ = {isa = PBXFileReference; fileEncoding = 4; lastKnownFileType = sourcecode.c.objc; path = PresentingAnimator.m; sourceTree = "<group>"; };
		B7388F0A192E9F13000E6941 /* DecayViewController.h */ = {isa = PBXFileReference; fileEncoding = 4; lastKnownFileType = sourcecode.c.h; path = DecayViewController.h; sourceTree = "<group>"; };
		B7388F0B192E9F13000E6941 /* DecayViewController.m */ = {isa = PBXFileReference; fileEncoding = 4; lastKnownFileType = sourcecode.c.objc; path = DecayViewController.m; sourceTree = "<group>"; };
		B7711665192AA5870078DFD7 /* ConstraintsViewController.h */ = {isa = PBXFileReference; fileEncoding = 4; lastKnownFileType = sourcecode.c.h; path = ConstraintsViewController.h; sourceTree = "<group>"; };
		B7711666192AA5870078DFD7 /* ConstraintsViewController.m */ = {isa = PBXFileReference; fileEncoding = 4; lastKnownFileType = sourcecode.c.objc; path = ConstraintsViewController.m; sourceTree = "<group>"; };
		B7805EDF192902A900CF997E /* PasswordViewController.h */ = {isa = PBXFileReference; fileEncoding = 4; lastKnownFileType = sourcecode.c.h; path = PasswordViewController.h; sourceTree = "<group>"; };
		B7805EE0192902A900CF997E /* PasswordViewController.m */ = {isa = PBXFileReference; fileEncoding = 4; lastKnownFileType = sourcecode.c.objc; path = PasswordViewController.m; sourceTree = "<group>"; };
		B7805EE31929141100CF997E /* PasswordStrengthIndicatorView.h */ = {isa = PBXFileReference; fileEncoding = 4; lastKnownFileType = sourcecode.c.h; path = PasswordStrengthIndicatorView.h; sourceTree = "<group>"; };
		B7805EE41929141100CF997E /* PasswordStrengthIndicatorView.m */ = {isa = PBXFileReference; fileEncoding = 4; lastKnownFileType = sourcecode.c.objc; path = PasswordStrengthIndicatorView.m; sourceTree = "<group>"; };
		B785AD1119196A2D00621820 /* Popping.app */ = {isa = PBXFileReference; explicitFileType = wrapper.application; includeInIndex = 0; path = Popping.app; sourceTree = BUILT_PRODUCTS_DIR; };
		B785AD1419196A2D00621820 /* Foundation.framework */ = {isa = PBXFileReference; lastKnownFileType = wrapper.framework; name = Foundation.framework; path = System/Library/Frameworks/Foundation.framework; sourceTree = SDKROOT; };
		B785AD1619196A2D00621820 /* CoreGraphics.framework */ = {isa = PBXFileReference; lastKnownFileType = wrapper.framework; name = CoreGraphics.framework; path = System/Library/Frameworks/CoreGraphics.framework; sourceTree = SDKROOT; };
		B785AD1819196A2D00621820 /* UIKit.framework */ = {isa = PBXFileReference; lastKnownFileType = wrapper.framework; name = UIKit.framework; path = System/Library/Frameworks/UIKit.framework; sourceTree = SDKROOT; };
		B785AD1C19196A2D00621820 /* Popping-Info.plist */ = {isa = PBXFileReference; lastKnownFileType = text.plist.xml; path = "Popping-Info.plist"; sourceTree = "<group>"; };
		B785AD1E19196A2D00621820 /* en */ = {isa = PBXFileReference; lastKnownFileType = text.plist.strings; name = en; path = en.lproj/InfoPlist.strings; sourceTree = "<group>"; };
		B785AD2019196A2D00621820 /* main.m */ = {isa = PBXFileReference; lastKnownFileType = sourcecode.c.objc; path = main.m; sourceTree = "<group>"; };
		B785AD2219196A2D00621820 /* Popping-Prefix.pch */ = {isa = PBXFileReference; lastKnownFileType = sourcecode.c.h; path = "Popping-Prefix.pch"; sourceTree = "<group>"; };
		B785AD2319196A2D00621820 /* AppDelegate.h */ = {isa = PBXFileReference; lastKnownFileType = sourcecode.c.h; path = AppDelegate.h; sourceTree = "<group>"; };
		B785AD2419196A2D00621820 /* AppDelegate.m */ = {isa = PBXFileReference; lastKnownFileType = sourcecode.c.objc; path = AppDelegate.m; sourceTree = "<group>"; };
		B785AD2619196A2D00621820 /* Images.xcassets */ = {isa = PBXFileReference; lastKnownFileType = folder.assetcatalog; path = Images.xcassets; sourceTree = "<group>"; };
		B785AD2C19196A2D00621820 /* PoppingTests.xctest */ = {isa = PBXFileReference; explicitFileType = wrapper.cfbundle; includeInIndex = 0; path = PoppingTests.xctest; sourceTree = BUILT_PRODUCTS_DIR; };
		B785AD2D19196A2D00621820 /* XCTest.framework */ = {isa = PBXFileReference; lastKnownFileType = wrapper.framework; name = XCTest.framework; path = Library/Frameworks/XCTest.framework; sourceTree = DEVELOPER_DIR; };
		B785AD3519196A2D00621820 /* PoppingTests-Info.plist */ = {isa = PBXFileReference; lastKnownFileType = text.plist.xml; path = "PoppingTests-Info.plist"; sourceTree = "<group>"; };
		B785AD3719196A2D00621820 /* en */ = {isa = PBXFileReference; lastKnownFileType = text.plist.strings; name = en; path = en.lproj/InfoPlist.strings; sourceTree = "<group>"; };
		B785AD3919196A2D00621820 /* PoppingTests.m */ = {isa = PBXFileReference; lastKnownFileType = sourcecode.c.objc; path = PoppingTests.m; sourceTree = "<group>"; };
		B78E3DE91926A1450020B9D4 /* ModalViewController.h */ = {isa = PBXFileReference; fileEncoding = 4; lastKnownFileType = sourcecode.c.h; path = ModalViewController.h; sourceTree = "<group>"; };
		B78E3DEA1926A1450020B9D4 /* ModalViewController.m */ = {isa = PBXFileReference; fileEncoding = 4; lastKnownFileType = sourcecode.c.objc; path = ModalViewController.m; sourceTree = "<group>"; };
		B78E3DEE1926A57D0020B9D4 /* DismissingAnimator.h */ = {isa = PBXFileReference; fileEncoding = 4; lastKnownFileType = sourcecode.c.h; path = DismissingAnimator.h; sourceTree = "<group>"; };
		B78E3DEF1926A57D0020B9D4 /* DismissingAnimator.m */ = {isa = PBXFileReference; fileEncoding = 4; lastKnownFileType = sourcecode.c.objc; path = DismissingAnimator.m; sourceTree = "<group>"; };
		B79B5C1D192D349B00A82EEB /* CircleViewController.h */ = {isa = PBXFileReference; fileEncoding = 4; lastKnownFileType = sourcecode.c.h; path = CircleViewController.h; sourceTree = "<group>"; };
		B79B5C1E192D349B00A82EEB /* CircleViewController.m */ = {isa = PBXFileReference; fileEncoding = 4; lastKnownFileType = sourcecode.c.objc; path = CircleViewController.m; sourceTree = "<group>"; };
		B79B5C21192D37DB00A82EEB /* CircleView.h */ = {isa = PBXFileReference; fileEncoding = 4; lastKnownFileType = sourcecode.c.h; path = CircleView.h; sourceTree = "<group>"; };
		B79B5C22192D37DB00A82EEB /* CircleView.m */ = {isa = PBXFileReference; fileEncoding = 4; lastKnownFileType = sourcecode.c.objc; path = CircleView.m; sourceTree = "<group>"; };
		B7ECD74819211489007F9116 /* PaperButtonViewController.h */ = {isa = PBXFileReference; fileEncoding = 4; lastKnownFileType = sourcecode.c.h; path = PaperButtonViewController.h; sourceTree = "<group>"; };
		B7ECD74919211489007F9116 /* PaperButtonViewController.m */ = {isa = PBXFileReference; fileEncoding = 4; lastKnownFileType = sourcecode.c.objc; path = PaperButtonViewController.m; sourceTree = "<group>"; };
		B7ECD74D192115EF007F9116 /* PaperButton.h */ = {isa = PBXFileReference; fileEncoding = 4; lastKnownFileType = sourcecode.c.h; path = PaperButton.h; sourceTree = "<group>"; };
		B7ECD74E192115EF007F9116 /* PaperButton.m */ = {isa = PBXFileReference; fileEncoding = 4; lastKnownFileType = sourcecode.c.objc; path = PaperButton.m; sourceTree = "<group>"; };
		B7ECD752192120D4007F9116 /* FlatButton.h */ = {isa = PBXFileReference; fileEncoding = 4; lastKnownFileType = sourcecode.c.h; path = FlatButton.h; sourceTree = "<group>"; };
		B7ECD753192120D4007F9116 /* FlatButton.m */ = {isa = PBXFileReference; fileEncoding = 4; lastKnownFileType = sourcecode.c.objc; path = FlatButton.m; sourceTree = "<group>"; };
		B7F8B059193232820036193C /* UIColor+CustomColors.h */ = {isa = PBXFileReference; fileEncoding = 4; lastKnownFileType = sourcecode.c.h; path = "UIColor+CustomColors.h"; sourceTree = "<group>"; };
		B7F8B05A193232820036193C /* UIColor+CustomColors.m */ = {isa = PBXFileReference; fileEncoding = 4; lastKnownFileType = sourcecode.c.objc; path = "UIColor+CustomColors.m"; sourceTree = "<group>"; };
		B7FF9666191EBADD00087016 /* AnimationsListViewController.h */ = {isa = PBXFileReference; fileEncoding = 4; lastKnownFileType = sourcecode.c.h; path = AnimationsListViewController.h; sourceTree = "<group>"; };
		B7FF9667191EBADD00087016 /* AnimationsListViewController.m */ = {isa = PBXFileReference; fileEncoding = 4; lastKnownFileType = sourcecode.c.objc; path = AnimationsListViewController.m; sourceTree = "<group>"; };
		B7FF966A191EBF6900087016 /* ButtonViewController.h */ = {isa = PBXFileReference; fileEncoding = 4; lastKnownFileType = sourcecode.c.h; path = ButtonViewController.h; sourceTree = "<group>"; };
		B7FF966B191EBF6900087016 /* ButtonViewController.m */ = {isa = PBXFileReference; fileEncoding = 4; lastKnownFileType = sourcecode.c.objc; path = ButtonViewController.m; sourceTree = "<group>"; };
		B7FF9672191FAF1900087016 /* PanViewController.h */ = {isa = PBXFileReference; fileEncoding = 4; lastKnownFileType = sourcecode.c.h; path = PanViewController.h; sourceTree = "<group>"; };
		B7FF9673191FAF1900087016 /* PanViewController.m */ = {isa = PBXFileReference; fileEncoding = 4; lastKnownFileType = sourcecode.c.objc; path = PanViewController.m; sourceTree = "<group>"; };
		D41116F6FC8F4542BD5F61B1 /* libPods.a */ = {isa = PBXFileReference; explicitFileType = archive.ar; includeInIndex = 0; path = libPods.a; sourceTree = BUILT_PRODUCTS_DIR; };
		E41068F631EC4B51B2458F85 /* Pods.xcconfig */ = {isa = PBXFileReference; includeInIndex = 1; lastKnownFileType = text.xcconfig; name = Pods.xcconfig; path = Pods/Pods.xcconfig; sourceTree = "<group>"; };
/* End PBXFileReference section */

/* Begin PBXFrameworksBuildPhase section */
		B785AD0E19196A2D00621820 /* Frameworks */ = {
			isa = PBXFrameworksBuildPhase;
			buildActionMask = 2147483647;
			files = (
				B785AD1719196A2D00621820 /* CoreGraphics.framework in Frameworks */,
				B785AD1919196A2D00621820 /* UIKit.framework in Frameworks */,
				B785AD1519196A2D00621820 /* Foundation.framework in Frameworks */,
				74CC34E42E0A4A91BF6C604C /* libPods.a in Frameworks */,
			);
			runOnlyForDeploymentPostprocessing = 0;
		};
		B785AD2919196A2D00621820 /* Frameworks */ = {
			isa = PBXFrameworksBuildPhase;
			buildActionMask = 2147483647;
			files = (
				B785AD2E19196A2D00621820 /* XCTest.framework in Frameworks */,
				B785AD3019196A2D00621820 /* UIKit.framework in Frameworks */,
				B785AD2F19196A2D00621820 /* Foundation.framework in Frameworks */,
			);
			runOnlyForDeploymentPostprocessing = 0;
		};
/* End PBXFrameworksBuildPhase section */

/* Begin PBXGroup section */
		B70458311923DB0000CF6961 /* CustomTransitionViewController */ = {
			isa = PBXGroup;
			children = (
				B70458321923DB2100CF6961 /* CustomTransitionViewController.h */,
				B70458331923DB2100CF6961 /* CustomTransitionViewController.m */,
			);
			name = CustomTransitionViewController;
			sourceTree = "<group>";
		};
		B70458351923DE0D00CF6961 /* Animator */ = {
			isa = PBXGroup;
			children = (
				B78E3DED1926A5360020B9D4 /* DismissingAnimator */,
				B78E3DEC1926A5120020B9D4 /* PresentingAnimator */,
			);
			name = Animator;
			sourceTree = "<group>";
		};
		B7388F09192E9ED4000E6941 /* DecayViewController */ = {
			isa = PBXGroup;
			children = (
				B7388F0A192E9F13000E6941 /* DecayViewController.h */,
				B7388F0B192E9F13000E6941 /* DecayViewController.m */,
			);
			name = DecayViewController;
			sourceTree = "<group>";
		};
		B7711664192AA56A0078DFD7 /* ConstraintsViewController */ = {
			isa = PBXGroup;
			children = (
				B7711665192AA5870078DFD7 /* ConstraintsViewController.h */,
				B7711666192AA5870078DFD7 /* ConstraintsViewController.m */,
			);
			name = ConstraintsViewController;
			sourceTree = "<group>";
		};
		B7805EDE1929028500CF997E /* PasswordViewController */ = {
			isa = PBXGroup;
			children = (
				B7805EDF192902A900CF997E /* PasswordViewController.h */,
				B7805EE0192902A900CF997E /* PasswordViewController.m */,
			);
			name = PasswordViewController;
			sourceTree = "<group>";
		};
		B7805EE2192913E300CF997E /* PasswordStrengthIndicatorView */ = {
			isa = PBXGroup;
			children = (
				B7805EE31929141100CF997E /* PasswordStrengthIndicatorView.h */,
				B7805EE41929141100CF997E /* PasswordStrengthIndicatorView.m */,
			);
			name = PasswordStrengthIndicatorView;
			sourceTree = "<group>";
		};
		B785AD0819196A2D00621820 = {
			isa = PBXGroup;
			children = (
				B785AD1A19196A2D00621820 /* Popping */,
				B785AD3319196A2D00621820 /* PoppingTests */,
				B785AD1319196A2D00621820 /* Frameworks */,
				B785AD1219196A2D00621820 /* Products */,
				E41068F631EC4B51B2458F85 /* Pods.xcconfig */,
			);
			sourceTree = "<group>";
		};
		B785AD1219196A2D00621820 /* Products */ = {
			isa = PBXGroup;
			children = (
				B785AD1119196A2D00621820 /* Popping.app */,
				B785AD2C19196A2D00621820 /* PoppingTests.xctest */,
			);
			name = Products;
			sourceTree = "<group>";
		};
		B785AD1319196A2D00621820 /* Frameworks */ = {
			isa = PBXGroup;
			children = (
				B785AD1419196A2D00621820 /* Foundation.framework */,
				B785AD1619196A2D00621820 /* CoreGraphics.framework */,
				B785AD1819196A2D00621820 /* UIKit.framework */,
				B785AD2D19196A2D00621820 /* XCTest.framework */,
				D41116F6FC8F4542BD5F61B1 /* libPods.a */,
			);
			name = Frameworks;
			sourceTree = "<group>";
		};
		B785AD1A19196A2D00621820 /* Popping */ = {
			isa = PBXGroup;
			children = (
				B7F8B0561932324E0036193C /* Categories */,
				B70458351923DE0D00CF6961 /* Animator */,
				B7ECD74B192115D8007F9116 /* Controls */,
				B785AD1B19196A2D00621820 /* Supporting Files */,
				B7FF965B191EB5D900087016 /* View Controller */,
			);
			path = Popping;
			sourceTree = "<group>";
		};
		B785AD1B19196A2D00621820 /* Supporting Files */ = {
			isa = PBXGroup;
			children = (
				B785AD2619196A2D00621820 /* Images.xcassets */,
				B785AD1C19196A2D00621820 /* Popping-Info.plist */,
				B785AD1D19196A2D00621820 /* InfoPlist.strings */,
				B785AD2019196A2D00621820 /* main.m */,
				B785AD2219196A2D00621820 /* Popping-Prefix.pch */,
			);
			name = "Supporting Files";
			sourceTree = "<group>";
		};
		B785AD3319196A2D00621820 /* PoppingTests */ = {
			isa = PBXGroup;
			children = (
				B785AD3919196A2D00621820 /* PoppingTests.m */,
				B785AD3419196A2D00621820 /* Supporting Files */,
			);
			path = PoppingTests;
			sourceTree = "<group>";
		};
		B785AD3419196A2D00621820 /* Supporting Files */ = {
			isa = PBXGroup;
			children = (
				B785AD3519196A2D00621820 /* PoppingTests-Info.plist */,
				B785AD3619196A2D00621820 /* InfoPlist.strings */,
			);
			name = "Supporting Files";
			sourceTree = "<group>";
		};
		B78E3DE81926A1300020B9D4 /* ModalViewController */ = {
			isa = PBXGroup;
			children = (
				B78E3DE91926A1450020B9D4 /* ModalViewController.h */,
				B78E3DEA1926A1450020B9D4 /* ModalViewController.m */,
			);
			name = ModalViewController;
			sourceTree = "<group>";
		};
		B78E3DEC1926A5120020B9D4 /* PresentingAnimator */ = {
			isa = PBXGroup;
			children = (
				B70458361923DE2500CF6961 /* PresentingAnimator.h */,
				B70458371923DE2500CF6961 /* PresentingAnimator.m */,
			);
			name = PresentingAnimator;
			sourceTree = "<group>";
		};
		B78E3DED1926A5360020B9D4 /* DismissingAnimator */ = {
			isa = PBXGroup;
			children = (
				B78E3DEE1926A57D0020B9D4 /* DismissingAnimator.h */,
				B78E3DEF1926A57D0020B9D4 /* DismissingAnimator.m */,
			);
			name = DismissingAnimator;
			sourceTree = "<group>";
		};
		B79B5C1C192D348500A82EEB /* CircleViewController */ = {
			isa = PBXGroup;
			children = (
				B79B5C1D192D349B00A82EEB /* CircleViewController.h */,
				B79B5C1E192D349B00A82EEB /* CircleViewController.m */,
			);
			name = CircleViewController;
			sourceTree = "<group>";
		};
		B79B5C20192D361600A82EEB /* CircleView */ = {
			isa = PBXGroup;
			children = (
				B79B5C21192D37DB00A82EEB /* CircleView.h */,
				B79B5C22192D37DB00A82EEB /* CircleView.m */,
			);
			name = CircleView;
			sourceTree = "<group>";
		};
		B7ECD7471921146A007F9116 /* PaperButtonViewController */ = {
			isa = PBXGroup;
			children = (
				B7ECD74819211489007F9116 /* PaperButtonViewController.h */,
				B7ECD74919211489007F9116 /* PaperButtonViewController.m */,
			);
			name = PaperButtonViewController;
			sourceTree = "<group>";
		};
		B7ECD74B192115D8007F9116 /* Controls */ = {
			isa = PBXGroup;
			children = (
				B79B5C20192D361600A82EEB /* CircleView */,
				B7805EE2192913E300CF997E /* PasswordStrengthIndicatorView */,
				B7ECD751192120C6007F9116 /* FlatButton */,
				B7ECD74C192115DD007F9116 /* PaperButton */,
			);
			name = Controls;
			sourceTree = "<group>";
		};
		B7ECD74C192115DD007F9116 /* PaperButton */ = {
			isa = PBXGroup;
			children = (
				B7ECD74D192115EF007F9116 /* PaperButton.h */,
				B7ECD74E192115EF007F9116 /* PaperButton.m */,
			);
			name = PaperButton;
			sourceTree = "<group>";
		};
		B7ECD751192120C6007F9116 /* FlatButton */ = {
			isa = PBXGroup;
			children = (
				B7ECD752192120D4007F9116 /* FlatButton.h */,
				B7ECD753192120D4007F9116 /* FlatButton.m */,
			);
			name = FlatButton;
			sourceTree = "<group>";
		};
		B7F8B0561932324E0036193C /* Categories */ = {
			isa = PBXGroup;
			children = (
				B7F8B057193232530036193C /* UIColor */,
			);
			name = Categories;
			sourceTree = "<group>";
		};
		B7F8B057193232530036193C /* UIColor */ = {
			isa = PBXGroup;
			children = (
				B7F8B059193232820036193C /* UIColor+CustomColors.h */,
				B7F8B05A193232820036193C /* UIColor+CustomColors.m */,
			);
			name = UIColor;
			sourceTree = "<group>";
		};
		B7FF965B191EB5D900087016 /* View Controller */ = {
			isa = PBXGroup;
			children = (
				B7FF965E191EB63700087016 /* AnimationListViewController */,
				B7FF965C191EB5E300087016 /* AppDelegate */,
				B7FF9669191EBF3F00087016 /* ButtonViewController */,
				B79B5C1C192D348500A82EEB /* CircleViewController */,
				B7711664192AA56A0078DFD7 /* ConstraintsViewController */,
				B70458311923DB0000CF6961 /* CustomTransitionViewController */,
				B7388F09192E9ED4000E6941 /* DecayViewController */,
				B78E3DE81926A1300020B9D4 /* ModalViewController */,
				B7FF9671191FAF0900087016 /* PanViewController */,
				B7ECD7471921146A007F9116 /* PaperButtonViewController */,
				B7805EDE1929028500CF997E /* PasswordViewController */,
			);
			name = "View Controller";
			sourceTree = "<group>";
		};
		B7FF965C191EB5E300087016 /* AppDelegate */ = {
			isa = PBXGroup;
			children = (
				B785AD2319196A2D00621820 /* AppDelegate.h */,
				B785AD2419196A2D00621820 /* AppDelegate.m */,
			);
			name = AppDelegate;
			sourceTree = "<group>";
		};
		B7FF965E191EB63700087016 /* AnimationListViewController */ = {
			isa = PBXGroup;
			children = (
				B7FF9666191EBADD00087016 /* AnimationsListViewController.h */,
				B7FF9667191EBADD00087016 /* AnimationsListViewController.m */,
			);
			name = AnimationListViewController;
			sourceTree = "<group>";
		};
		B7FF9669191EBF3F00087016 /* ButtonViewController */ = {
			isa = PBXGroup;
			children = (
				B7FF966A191EBF6900087016 /* ButtonViewController.h */,
				B7FF966B191EBF6900087016 /* ButtonViewController.m */,
			);
			name = ButtonViewController;
			sourceTree = "<group>";
		};
		B7FF9671191FAF0900087016 /* PanViewController */ = {
			isa = PBXGroup;
			children = (
				B7FF9672191FAF1900087016 /* PanViewController.h */,
				B7FF9673191FAF1900087016 /* PanViewController.m */,
			);
			name = PanViewController;
			sourceTree = "<group>";
		};
/* End PBXGroup section */

/* Begin PBXNativeTarget section */
		B785AD1019196A2D00621820 /* Popping */ = {
			isa = PBXNativeTarget;
			buildConfigurationList = B785AD3D19196A2D00621820 /* Build configuration list for PBXNativeTarget "Popping" */;
			buildPhases = (
				276D023CFADF4DF7A0F175C9 /* Check Pods Manifest.lock */,
				B785AD0D19196A2D00621820 /* Sources */,
				B785AD0E19196A2D00621820 /* Frameworks */,
				B785AD0F19196A2D00621820 /* Resources */,
				771AD9D3826342CCAB807FD5 /* Copy Pods Resources */,
			);
			buildRules = (
			);
			dependencies = (
			);
			name = Popping;
			productName = Popping;
			productReference = B785AD1119196A2D00621820 /* Popping.app */;
			productType = "com.apple.product-type.application";
		};
		B785AD2B19196A2D00621820 /* PoppingTests */ = {
			isa = PBXNativeTarget;
			buildConfigurationList = B785AD4019196A2D00621820 /* Build configuration list for PBXNativeTarget "PoppingTests" */;
			buildPhases = (
				B785AD2819196A2D00621820 /* Sources */,
				B785AD2919196A2D00621820 /* Frameworks */,
				B785AD2A19196A2D00621820 /* Resources */,
			);
			buildRules = (
			);
			dependencies = (
				B785AD3219196A2D00621820 /* PBXTargetDependency */,
			);
			name = PoppingTests;
			productName = PoppingTests;
			productReference = B785AD2C19196A2D00621820 /* PoppingTests.xctest */;
			productType = "com.apple.product-type.bundle.unit-test";
		};
/* End PBXNativeTarget section */

/* Begin PBXProject section */
		B785AD0919196A2D00621820 /* Project object */ = {
			isa = PBXProject;
			attributes = {
				LastUpgradeCheck = 0510;
				ORGANIZATIONNAME = "André Schneider";
				TargetAttributes = {
					B785AD2B19196A2D00621820 = {
						TestTargetID = B785AD1019196A2D00621820;
					};
				};
			};
			buildConfigurationList = B785AD0C19196A2D00621820 /* Build configuration list for PBXProject "Popping" */;
			compatibilityVersion = "Xcode 3.2";
			developmentRegion = English;
			hasScannedForEncodings = 0;
			knownRegions = (
				en,
			);
			mainGroup = B785AD0819196A2D00621820;
			productRefGroup = B785AD1219196A2D00621820 /* Products */;
			projectDirPath = "";
			projectRoot = "";
			targets = (
				B785AD1019196A2D00621820 /* Popping */,
				B785AD2B19196A2D00621820 /* PoppingTests */,
			);
		};
/* End PBXProject section */

/* Begin PBXResourcesBuildPhase section */
		B785AD0F19196A2D00621820 /* Resources */ = {
			isa = PBXResourcesBuildPhase;
			buildActionMask = 2147483647;
			files = (
				B785AD1F19196A2D00621820 /* InfoPlist.strings in Resources */,
				B785AD2719196A2D00621820 /* Images.xcassets in Resources */,
			);
			runOnlyForDeploymentPostprocessing = 0;
		};
		B785AD2A19196A2D00621820 /* Resources */ = {
			isa = PBXResourcesBuildPhase;
			buildActionMask = 2147483647;
			files = (
				B785AD3819196A2D00621820 /* InfoPlist.strings in Resources */,
			);
			runOnlyForDeploymentPostprocessing = 0;
		};
/* End PBXResourcesBuildPhase section */

/* Begin PBXShellScriptBuildPhase section */
		276D023CFADF4DF7A0F175C9 /* Check Pods Manifest.lock */ = {
			isa = PBXShellScriptBuildPhase;
			buildActionMask = 2147483647;
			files = (
			);
			inputPaths = (
			);
			name = "Check Pods Manifest.lock";
			outputPaths = (
			);
			runOnlyForDeploymentPostprocessing = 0;
			shellPath = /bin/sh;
			shellScript = "diff \"${PODS_ROOT}/../Podfile.lock\" \"${PODS_ROOT}/Manifest.lock\" > /dev/null\nif [[ $? != 0 ]] ; then\n    cat << EOM\nerror: The sandbox is not in sync with the Podfile.lock. Run 'pod install' or update your CocoaPods installation.\nEOM\n    exit 1\nfi\n";
			showEnvVarsInLog = 0;
		};
		771AD9D3826342CCAB807FD5 /* Copy Pods Resources */ = {
			isa = PBXShellScriptBuildPhase;
			buildActionMask = 2147483647;
			files = (
			);
			inputPaths = (
			);
			name = "Copy Pods Resources";
			outputPaths = (
			);
			runOnlyForDeploymentPostprocessing = 0;
			shellPath = /bin/sh;
			shellScript = "\"${SRCROOT}/Pods/Pods-resources.sh\"\n";
			showEnvVarsInLog = 0;
		};
/* End PBXShellScriptBuildPhase section */

/* Begin PBXSourcesBuildPhase section */
		B785AD0D19196A2D00621820 /* Sources */ = {
			isa = PBXSourcesBuildPhase;
			buildActionMask = 2147483647;
			files = (
				B79B5C23192D37DB00A82EEB /* CircleView.m in Sources */,
				B7ECD74F192115EF007F9116 /* PaperButton.m in Sources */,
				B7711667192AA5870078DFD7 /* ConstraintsViewController.m in Sources */,
				B79B5C1F192D349B00A82EEB /* CircleViewController.m in Sources */,
				B7FF966C191EBF6900087016 /* ButtonViewController.m in Sources */,
				B7ECD754192120D4007F9116 /* FlatButton.m in Sources */,
				B70458341923DB2100CF6961 /* CustomTransitionViewController.m in Sources */,
				B7805EE51929141100CF997E /* PasswordStrengthIndicatorView.m in Sources */,
				B7F8B05B193232820036193C /* UIColor+CustomColors.m in Sources */,
				B70458381923DE2500CF6961 /* PresentingAnimator.m in Sources */,
				B7388F0C192E9F13000E6941 /* DecayViewController.m in Sources */,
				B78E3DEB1926A1450020B9D4 /* ModalViewController.m in Sources */,
				B785AD2519196A2D00621820 /* AppDelegate.m in Sources */,
				B785AD2119196A2D00621820 /* main.m in Sources */,
				B7805EE1192902A900CF997E /* PasswordViewController.m in Sources */,
				B78E3DF01926A57D0020B9D4 /* DismissingAnimator.m in Sources */,
				B7ECD74A19211489007F9116 /* PaperButtonViewController.m in Sources */,
				B7FF9668191EBADD00087016 /* AnimationsListViewController.m in Sources */,
				B7FF9674191FAF1900087016 /* PanViewController.m in Sources */,
			);
			runOnlyForDeploymentPostprocessing = 0;
		};
		B785AD2819196A2D00621820 /* Sources */ = {
			isa = PBXSourcesBuildPhase;
			buildActionMask = 2147483647;
			files = (
				B785AD3A19196A2D00621820 /* PoppingTests.m in Sources */,
			);
			runOnlyForDeploymentPostprocessing = 0;
		};
/* End PBXSourcesBuildPhase section */

/* Begin PBXTargetDependency section */
		B785AD3219196A2D00621820 /* PBXTargetDependency */ = {
			isa = PBXTargetDependency;
			target = B785AD1019196A2D00621820 /* Popping */;
			targetProxy = B785AD3119196A2D00621820 /* PBXContainerItemProxy */;
		};
/* End PBXTargetDependency section */

/* Begin PBXVariantGroup section */
		B785AD1D19196A2D00621820 /* InfoPlist.strings */ = {
			isa = PBXVariantGroup;
			children = (
				B785AD1E19196A2D00621820 /* en */,
			);
			name = InfoPlist.strings;
			sourceTree = "<group>";
		};
		B785AD3619196A2D00621820 /* InfoPlist.strings */ = {
			isa = PBXVariantGroup;
			children = (
				B785AD3719196A2D00621820 /* en */,
			);
			name = InfoPlist.strings;
			sourceTree = "<group>";
		};
/* End PBXVariantGroup section */

/* Begin XCBuildConfiguration section */
		B785AD3B19196A2D00621820 /* Debug */ = {
			isa = XCBuildConfiguration;
			buildSettings = {
				ALWAYS_SEARCH_USER_PATHS = NO;
				CLANG_CXX_LANGUAGE_STANDARD = "gnu++0x";
				CLANG_CXX_LIBRARY = "libc++";
				CLANG_ENABLE_MODULES = YES;
				CLANG_ENABLE_OBJC_ARC = YES;
				CLANG_WARN_BOOL_CONVERSION = YES;
				CLANG_WARN_CONSTANT_CONVERSION = YES;
				CLANG_WARN_DIRECT_OBJC_ISA_USAGE = YES_ERROR;
				CLANG_WARN_EMPTY_BODY = YES;
				CLANG_WARN_ENUM_CONVERSION = YES;
				CLANG_WARN_INT_CONVERSION = YES;
				CLANG_WARN_OBJC_ROOT_CLASS = YES_ERROR;
				CLANG_WARN__DUPLICATE_METHOD_MATCH = YES;
				"CODE_SIGN_IDENTITY[sdk=iphoneos*]" = "iPhone Developer";
				COPY_PHASE_STRIP = NO;
				GCC_C_LANGUAGE_STANDARD = gnu99;
				GCC_DYNAMIC_NO_PIC = NO;
				GCC_OPTIMIZATION_LEVEL = 0;
				GCC_PREPROCESSOR_DEFINITIONS = (
					"DEBUG=1",
					"$(inherited)",
				);
				GCC_SYMBOLS_PRIVATE_EXTERN = NO;
				GCC_WARN_64_TO_32_BIT_CONVERSION = YES;
				GCC_WARN_ABOUT_RETURN_TYPE = YES_ERROR;
				GCC_WARN_UNDECLARED_SELECTOR = YES;
				GCC_WARN_UNINITIALIZED_AUTOS = YES_AGGRESSIVE;
				GCC_WARN_UNUSED_FUNCTION = YES;
				GCC_WARN_UNUSED_VARIABLE = YES;
				IPHONEOS_DEPLOYMENT_TARGET = 7.1;
				ONLY_ACTIVE_ARCH = YES;
				SDKROOT = iphoneos;
				TARGETED_DEVICE_FAMILY = "1,2";
			};
			name = Debug;
		};
		B785AD3C19196A2D00621820 /* Release */ = {
			isa = XCBuildConfiguration;
			buildSettings = {
				ALWAYS_SEARCH_USER_PATHS = NO;
				CLANG_CXX_LANGUAGE_STANDARD = "gnu++0x";
				CLANG_CXX_LIBRARY = "libc++";
				CLANG_ENABLE_MODULES = YES;
				CLANG_ENABLE_OBJC_ARC = YES;
				CLANG_WARN_BOOL_CONVERSION = YES;
				CLANG_WARN_CONSTANT_CONVERSION = YES;
				CLANG_WARN_DIRECT_OBJC_ISA_USAGE = YES_ERROR;
				CLANG_WARN_EMPTY_BODY = YES;
				CLANG_WARN_ENUM_CONVERSION = YES;
				CLANG_WARN_INT_CONVERSION = YES;
				CLANG_WARN_OBJC_ROOT_CLASS = YES_ERROR;
				CLANG_WARN__DUPLICATE_METHOD_MATCH = YES;
				"CODE_SIGN_IDENTITY[sdk=iphoneos*]" = "iPhone Developer";
				COPY_PHASE_STRIP = YES;
				ENABLE_NS_ASSERTIONS = NO;
				GCC_C_LANGUAGE_STANDARD = gnu99;
				GCC_WARN_64_TO_32_BIT_CONVERSION = YES;
				GCC_WARN_ABOUT_RETURN_TYPE = YES_ERROR;
				GCC_WARN_UNDECLARED_SELECTOR = YES;
				GCC_WARN_UNINITIALIZED_AUTOS = YES_AGGRESSIVE;
				GCC_WARN_UNUSED_FUNCTION = YES;
				GCC_WARN_UNUSED_VARIABLE = YES;
				IPHONEOS_DEPLOYMENT_TARGET = 7.1;
				SDKROOT = iphoneos;
				TARGETED_DEVICE_FAMILY = "1,2";
				VALIDATE_PRODUCT = YES;
			};
			name = Release;
		};
		B785AD3E19196A2D00621820 /* Debug */ = {
			isa = XCBuildConfiguration;
			baseConfigurationReference = E41068F631EC4B51B2458F85 /* Pods.xcconfig */;
			buildSettings = {
				ASSETCATALOG_COMPILER_APPICON_NAME = AppIcon;
				ASSETCATALOG_COMPILER_LAUNCHIMAGE_NAME = LaunchImage;
				GCC_PRECOMPILE_PREFIX_HEADER = YES;
				GCC_PREFIX_HEADER = "Popping/Popping-Prefix.pch";
				INFOPLIST_FILE = "Popping/Popping-Info.plist";
				PRODUCT_NAME = "$(TARGET_NAME)";
				TARGETED_DEVICE_FAMILY = 1;
				WRAPPER_EXTENSION = app;
			};
			name = Debug;
		};
		B785AD3F19196A2D00621820 /* Release */ = {
			isa = XCBuildConfiguration;
			baseConfigurationReference = E41068F631EC4B51B2458F85 /* Pods.xcconfig */;
			buildSettings = {
				ASSETCATALOG_COMPILER_APPICON_NAME = AppIcon;
				ASSETCATALOG_COMPILER_LAUNCHIMAGE_NAME = LaunchImage;
				GCC_PRECOMPILE_PREFIX_HEADER = YES;
				GCC_PREFIX_HEADER = "Popping/Popping-Prefix.pch";
				INFOPLIST_FILE = "Popping/Popping-Info.plist";
				PRODUCT_NAME = "$(TARGET_NAME)";
				TARGETED_DEVICE_FAMILY = 1;
				WRAPPER_EXTENSION = app;
			};
			name = Release;
		};
		B785AD4119196A2D00621820 /* Debug */ = {
			isa = XCBuildConfiguration;
			buildSettings = {
				BUNDLE_LOADER = "$(BUILT_PRODUCTS_DIR)/Popping.app/Popping";
				FRAMEWORK_SEARCH_PATHS = (
					"$(SDKROOT)/Developer/Library/Frameworks",
					"$(inherited)",
					"$(DEVELOPER_FRAMEWORKS_DIR)",
				);
				GCC_PRECOMPILE_PREFIX_HEADER = YES;
				GCC_PREFIX_HEADER = "Popping/Popping-Prefix.pch";
				GCC_PREPROCESSOR_DEFINITIONS = (
					"DEBUG=1",
					"$(inherited)",
				);
				INFOPLIST_FILE = "PoppingTests/PoppingTests-Info.plist";
				PRODUCT_NAME = "$(TARGET_NAME)";
				TEST_HOST = "$(BUNDLE_LOADER)";
				WRAPPER_EXTENSION = xctest;
			};
			name = Debug;
		};
		B785AD4219196A2D00621820 /* Release */ = {
			isa = XCBuildConfiguration;
			buildSettings = {
				BUNDLE_LOADER = "$(BUILT_PRODUCTS_DIR)/Popping.app/Popping";
				FRAMEWORK_SEARCH_PATHS = (
					"$(SDKROOT)/Developer/Library/Frameworks",
					"$(inherited)",
					"$(DEVELOPER_FRAMEWORKS_DIR)",
				);
				GCC_PRECOMPILE_PREFIX_HEADER = YES;
				GCC_PREFIX_HEADER = "Popping/Popping-Prefix.pch";
				INFOPLIST_FILE = "PoppingTests/PoppingTests-Info.plist";
				PRODUCT_NAME = "$(TARGET_NAME)";
				TEST_HOST = "$(BUNDLE_LOADER)";
				WRAPPER_EXTENSION = xctest;
			};
			name = Release;
		};
/* End XCBuildConfiguration section */

/* Begin XCConfigurationList section */
		B785AD0C19196A2D00621820 /* Build configuration list for PBXProject "Popping" */ = {
			isa = XCConfigurationList;
			buildConfigurations = (
				B785AD3B19196A2D00621820 /* Debug */,
				B785AD3C19196A2D00621820 /* Release */,
			);
			defaultConfigurationIsVisible = 0;
			defaultConfigurationName = Release;
		};
		B785AD3D19196A2D00621820 /* Build configuration list for PBXNativeTarget "Popping" */ = {
			isa = XCConfigurationList;
			buildConfigurations = (
				B785AD3E19196A2D00621820 /* Debug */,
				B785AD3F19196A2D00621820 /* Release */,
			);
			defaultConfigurationIsVisible = 0;
			defaultConfigurationName = Release;
		};
		B785AD4019196A2D00621820 /* Build configuration list for PBXNativeTarget "PoppingTests" */ = {
			isa = XCConfigurationList;
			buildConfigurations = (
				B785AD4119196A2D00621820 /* Debug */,
				B785AD4219196A2D00621820 /* Release */,
			);
			defaultConfigurationIsVisible = 0;
			defaultConfigurationName = Release;
		};
/* End XCConfigurationList section */
	};
	rootObject = B785AD0919196A2D00621820 /* Project object */;
}
